// !$*UTF8*$!
{
	archiveVersion = 1;
	classes = {
	};
	objectVersion = 56;
	objects = {

/* Begin PBXBuildFile section */
		00000000000000000000000A /* App/Graph89App.swift in Sources */ = {isa = PBXBuildFile; fileRef = 000000000000000000000001 /* App/Graph89App.swift */; };
		00000000000000000000000C /* ../TI89Titanium_OS.89u in Resources */ = {isa = PBXBuildFile; fileRef = 000000000000000000000003 /* ../TI89Titanium_OS.89u */; };
		00000000000000000000000D /* ../app/src/main/assets/portrait/ti89tclassic/skin.jpg in Resources */ = {isa = PBXBuildFile; fileRef = 000000000000000000000004 /* ../app/src/main/assets/portrait/ti89tclassic/skin.jpg */; };
		00000000000000000000000E /* ../app/src/main/assets/portrait/ti89tclassic/buttonmask.bin in Resources */ = {isa = PBXBuildFile; fileRef = 000000000000000000000005 /* ../app/src/main/assets/portrait/ti89tclassic/buttonmask.bin */; };
		00000000000000000000000F /* ../app/src/main/assets/portrait/ti89tclassic/buttonloaction.location in Resources */ = {isa = PBXBuildFile; fileRef = 000000000000000000000006 /* ../app/src/main/assets/portrait/ti89tclassic/buttonloaction.location */; };
		00000000000000000000001E /* UITests/Graph89UITests.swift in Sources */ = {isa = PBXBuildFile; fileRef = 00000000000000000000001B /* UITests/Graph89UITests.swift */; };
		000000000000000000000020 /* UITests/expected-five.pgm in Resources */ = {isa = PBXBuildFile; fileRef = 00000000000000000000001C /* UITests/expected-five.pgm */; };
/* End PBXBuildFile section */

/* Begin PBXContainerItemProxy section */
		000000000000000000000025 /* PBXContainerItemProxy */ = {
			isa = PBXContainerItemProxy;
			containerPortal = 00000000000000000000001A /* Project object */;
			proxyType = 1;
			remoteGlobalIDString = 000000000000000000000016;
			remoteInfo = Graph89;
		};
/* End PBXContainerItemProxy section */

/* Begin PBXFileReference section */
		000000000000000000000001 /* App/Graph89App.swift */ = {isa = PBXFileReference; lastKnownFileType = sourcecode.swift; path = App/Graph89App.swift; sourceTree = "<group>"; };
		000000000000000000000002 /* App/Graph89-Bridging-Header.h */ = {isa = PBXFileReference; lastKnownFileType = sourcecode.c.h; path = "App/Graph89-Bridging-Header.h"; sourceTree = "<group>"; };
		000000000000000000000003 /* ../TI89Titanium_OS.89u */ = {isa = PBXFileReference; lastKnownFileType = file; path = ../TI89Titanium_OS.89u; sourceTree = "<group>"; };
		000000000000000000000004 /* ../app/src/main/assets/portrait/ti89tclassic/skin.jpg */ = {isa = PBXFileReference; lastKnownFileType = image.jpeg; path = ../app/src/main/assets/portrait/ti89tclassic/skin.jpg; sourceTree = "<group>"; };
		000000000000000000000005 /* ../app/src/main/assets/portrait/ti89tclassic/buttonmask.bin */ = {isa = PBXFileReference; lastKnownFileType = archive.macbinary; path = ../app/src/main/assets/portrait/ti89tclassic/buttonmask.bin; sourceTree = "<group>"; };
		000000000000000000000006 /* ../app/src/main/assets/portrait/ti89tclassic/buttonloaction.location */ = {isa = PBXFileReference; lastKnownFileType = text; path = ../app/src/main/assets/portrait/ti89tclassic/buttonloaction.location; sourceTree = "<group>"; };
		000000000000000000000007 /* Graph89.app */ = {isa = PBXFileReference; explicitFileType = wrapper.application; path = Graph89.app; sourceTree = BUILT_PRODUCTS_DIR; };
		00000000000000000000001B /* UITests/Graph89UITests.swift */ = {isa = PBXFileReference; lastKnownFileType = sourcecode.swift; path = UITests/Graph89UITests.swift; sourceTree = "<group>"; };
		00000000000000000000001C /* UITests/expected-five.pgm */ = {isa = PBXFileReference; lastKnownFileType = file; path = "UITests/expected-five.pgm"; sourceTree = "<group>"; };
		00000000000000000000001D /* Graph89UITests.xctest */ = {isa = PBXFileReference; explicitFileType = wrapper.cfbundle; path = Graph89UITests.xctest; sourceTree = BUILT_PRODUCTS_DIR; };
/* End PBXFileReference section */

/* Begin PBXFrameworksBuildPhase section */
		000000000000000000000011 /* Frameworks */ = {
			isa = PBXFrameworksBuildPhase;
			buildActionMask = 2147483647;
			files = (
			);
			runOnlyForDeploymentPostprocessing = 0;
		};
/* End PBXFrameworksBuildPhase section */

/* Begin PBXGroup section */
		000000000000000000000008 /* Products */ = {
			isa = PBXGroup;
			children = (
				000000000000000000000007 /* Graph89.app */,
				00000000000000000000001D /* Graph89UITests.xctest */,
			);
			name = Products;
			sourceTree = "<group>";
		};
		000000000000000000000009 = {
			isa = PBXGroup;
			children = (
				000000000000000000000001 /* App/Graph89App.swift */,
				000000000000000000000002 /* App/Graph89-Bridging-Header.h */,
				000000000000000000000003 /* ../TI89Titanium_OS.89u */,
				000000000000000000000004 /* ../app/src/main/assets/portrait/ti89tclassic/skin.jpg */,
				000000000000000000000005 /* ../app/src/main/assets/portrait/ti89tclassic/buttonmask.bin */,
				000000000000000000000006 /* ../app/src/main/assets/portrait/ti89tclassic/buttonloaction.location */,
				000000000000000000000008 /* Products */,
				00000000000000000000001B /* UITests/Graph89UITests.swift */,
				00000000000000000000001C /* UITests/expected-five.pgm */,
			);
			sourceTree = "<group>";
		};
/* End PBXGroup section */

/* Begin PBXNativeTarget section */
		000000000000000000000016 /* Graph89 */ = {
			isa = PBXNativeTarget;
			buildConfigurationList = 000000000000000000000015 /* Build configuration list for PBXNativeTarget "Graph89" */;
			buildPhases = (
				000000000000000000000012 /* Build calculator engine */,
				00000000000000000000000B /* Sources */,
				000000000000000000000011 /* Frameworks */,
				000000000000000000000010 /* Resources */,
			);
			buildRules = (
			);
			dependencies = (
			);
			name = Graph89;
			productName = Graph89;
			productReference = 000000000000000000000007 /* Graph89.app */;
			productType = "com.apple.product-type.application";
		};
		000000000000000000000027 /* Graph89UITests */ = {
			isa = PBXNativeTarget;
			buildConfigurationList = 000000000000000000000024 /* Build configuration list for PBXNativeTarget "Graph89UITests" */;
			buildPhases = (
				00000000000000000000001F /* Sources */,
				000000000000000000000021 /* Resources */,
			);
			buildRules = (
			);
			dependencies = (
				000000000000000000000026 /* PBXTargetDependency */,
			);
			name = Graph89UITests;
			productName = Graph89UITests;
			productReference = 00000000000000000000001D /* Graph89UITests.xctest */;
			productType = "com.apple.product-type.bundle.ui-testing";
		};
/* End PBXNativeTarget section */

/* Begin PBXProject section */
		00000000000000000000001A /* Project object */ = {
			isa = PBXProject;
			attributes = {
				LastUpgradeCheck = 2700;
			};
			buildConfigurationList = 000000000000000000000019 /* Build configuration list for PBXProject "Graph89" */;
			compatibilityVersion = "Xcode 14.0";
			developmentRegion = en;
			hasScannedForEncodings = 0;
			knownRegions = (
				en,
				Base,
			);
			mainGroup = 000000000000000000000009;
			productRefGroup = 000000000000000000000008 /* Products */;
			projectDirPath = "";
			projectRoot = "";
			targets = (
				000000000000000000000016 /* Graph89 */,
				000000000000000000000027 /* Graph89UITests */,
			);
		};
/* End PBXProject section */

/* Begin PBXResourcesBuildPhase section */
		000000000000000000000010 /* Resources */ = {
			isa = PBXResourcesBuildPhase;
			buildActionMask = 2147483647;
			files = (
				00000000000000000000000C /* ../TI89Titanium_OS.89u in Resources */,
				00000000000000000000000D /* ../app/src/main/assets/portrait/ti89tclassic/skin.jpg in Resources */,
				00000000000000000000000E /* ../app/src/main/assets/portrait/ti89tclassic/buttonmask.bin in Resources */,
				00000000000000000000000F /* ../app/src/main/assets/portrait/ti89tclassic/buttonloaction.location in Resources */,
			);
			runOnlyForDeploymentPostprocessing = 0;
		};
		000000000000000000000021 /* Resources */ = {
			isa = PBXResourcesBuildPhase;
			buildActionMask = 2147483647;
			files = (
				000000000000000000000020 /* UITests/expected-five.pgm in Resources */,
			);
			runOnlyForDeploymentPostprocessing = 0;
		};
/* End PBXResourcesBuildPhase section */

/* Begin PBXShellScriptBuildPhase section */
		000000000000000000000012 /* Build calculator engine */ = {
			isa = PBXShellScriptBuildPhase;
			alwaysOutOfDate = 1;
			buildActionMask = 2147483647;
			files = (
			);
			inputPaths = (
			);
			name = "Build calculator engine";
			outputPaths = (
			);
			runOnlyForDeploymentPostprocessing = 0;
			shellPath = /bin/sh;
			shellScript = "set -eu\n/usr/bin/python3 \"$SRCROOT/tools/build_native.py\" --sdk \"$PLATFORM_NAME\"\n";
		};
/* End PBXShellScriptBuildPhase section */

/* Begin PBXSourcesBuildPhase section */
		00000000000000000000000B /* Sources */ = {
			isa = PBXSourcesBuildPhase;
			buildActionMask = 2147483647;
			files = (
				00000000000000000000000A /* App/Graph89App.swift in Sources */,
			);
			runOnlyForDeploymentPostprocessing = 0;
		};
		00000000000000000000001F /* Sources */ = {
			isa = PBXSourcesBuildPhase;
			buildActionMask = 2147483647;
			files = (
				00000000000000000000001E /* UITests/Graph89UITests.swift in Sources */,
			);
			runOnlyForDeploymentPostprocessing = 0;
		};
/* End PBXSourcesBuildPhase section */

/* Begin PBXTargetDependency section */
		000000000000000000000026 /* PBXTargetDependency */ = {
			isa = PBXTargetDependency;
			target = 000000000000000000000016 /* Graph89 */;
			targetProxy = 000000000000000000000025 /* PBXContainerItemProxy */;
		};
/* End PBXTargetDependency section */

/* Begin XCBuildConfiguration section */
		000000000000000000000013 /* Debug */ = {
			isa = XCBuildConfiguration;
			buildSettings = {
				ARCHS = arm64;
				CODE_SIGN_STYLE = Automatic;
				CURRENT_PROJECT_VERSION = 1;
				DEVELOPMENT_TEAM = 2AW4JTP22A;
				ENABLE_USER_SCRIPT_SANDBOXING = NO;
				GENERATE_INFOPLIST_FILE = NO;
				INFOPLIST_FILE = App/Info.plist;
				INFOPLIST_KEY_CFBundleDisplayName = "Graph 89";
				INFOPLIST_KEY_LSApplicationCategoryType = "public.app-category.education";
				INFOPLIST_KEY_UILaunchScreen_Generation = YES;
				INFOPLIST_KEY_UISupportedInterfaceOrientations = "UIInterfaceOrientationPortrait UIInterfaceOrientationLandscapeLeft UIInterfaceOrientationLandscapeRight";
				INFOPLIST_KEY_UISupportedInterfaceOrientations_iPad = "UIInterfaceOrientationPortrait UIInterfaceOrientationPortraitUpsideDown UIInterfaceOrientationLandscapeLeft UIInterfaceOrientationLandscapeRight";
				IPHONEOS_DEPLOYMENT_TARGET = 16.0;
				MARKETING_VERSION = 0.1.0;
				OTHER_LDFLAGS = (
					"$(inherited)",
					"$(SRCROOT)/build/$(PLATFORM_NAME)/libGraph89.a",
					"-lz",
					"-liconv",
				);
				PRODUCT_BUNDLE_IDENTIFIER = com.codybarton.graph89.ios;
				PRODUCT_NAME = Graph89;
				SDKROOT = iphoneos;
				SUPPORTED_PLATFORMS = "iphoneos iphonesimulator";
				SWIFT_OBJC_BRIDGING_HEADER = "App/Graph89-Bridging-Header.h";
				SWIFT_OPTIMIZATION_LEVEL = "-Onone";
				SWIFT_VERSION = 5.0;
				TARGETED_DEVICE_FAMILY = "1,2";
			};
			name = Debug;
		};
		000000000000000000000014 /* Release */ = {
			isa = XCBuildConfiguration;
			buildSettings = {
				ARCHS = arm64;
				CODE_SIGN_STYLE = Automatic;
				CURRENT_PROJECT_VERSION = 1;
				DEVELOPMENT_TEAM = 2AW4JTP22A;
				ENABLE_USER_SCRIPT_SANDBOXING = NO;
				GENERATE_INFOPLIST_FILE = NO;
				INFOPLIST_FILE = App/Info.plist;
				INFOPLIST_KEY_CFBundleDisplayName = "Graph 89";
				INFOPLIST_KEY_LSApplicationCategoryType = "public.app-category.education";
				INFOPLIST_KEY_UILaunchScreen_Generation = YES;
				INFOPLIST_KEY_UISupportedInterfaceOrientations = "UIInterfaceOrientationPortrait UIInterfaceOrientationLandscapeLeft UIInterfaceOrientationLandscapeRight";
				INFOPLIST_KEY_UISupportedInterfaceOrientations_iPad = "UIInterfaceOrientationPortrait UIInterfaceOrientationPortraitUpsideDown UIInterfaceOrientationLandscapeLeft UIInterfaceOrientationLandscapeRight";
				IPHONEOS_DEPLOYMENT_TARGET = 16.0;
				MARKETING_VERSION = 0.1.0;
				OTHER_LDFLAGS = (
					"$(inherited)",
					"$(SRCROOT)/build/$(PLATFORM_NAME)/libGraph89.a",
					"-lz",
					"-liconv",
				);
				PRODUCT_BUNDLE_IDENTIFIER = com.codybarton.graph89.ios;
				PRODUCT_NAME = Graph89;
				SDKROOT = iphoneos;
				SUPPORTED_PLATFORMS = "iphoneos iphonesimulator";
				SWIFT_OBJC_BRIDGING_HEADER = "App/Graph89-Bridging-Header.h";
				SWIFT_OPTIMIZATION_LEVEL = "-O";
				SWIFT_VERSION = 5.0;
				TARGETED_DEVICE_FAMILY = "1,2";
			};
			name = Release;
		};
		000000000000000000000017 /* Debug */ = {
			isa = XCBuildConfiguration;
			buildSettings = {
				CLANG_ENABLE_MODULES = YES;
			};
			name = Debug;
		};
		000000000000000000000018 /* Release */ = {
			isa = XCBuildConfiguration;
			buildSettings = {
				CLANG_ENABLE_MODULES = YES;
			};
			name = Release;
		};
		000000000000000000000022 /* Debug */ = {
			isa = XCBuildConfiguration;
			buildSettings = {
				CODE_SIGN_STYLE = Automatic;
				GENERATE_INFOPLIST_FILE = YES;
				IPHONEOS_DEPLOYMENT_TARGET = 16.0;
				PRODUCT_BUNDLE_IDENTIFIER = com.codybarton.graph89.uitests;
				PRODUCT_NAME = "$(TARGET_NAME)";
				SDKROOT = iphoneos;
				SWIFT_VERSION = 5.0;
				TARGETED_DEVICE_FAMILY = "1,2";
				TEST_TARGET_NAME = Graph89;
			};
			name = Debug;
		};
		000000000000000000000023 /* Release */ = {
			isa = XCBuildConfiguration;
			buildSettings = {
				CODE_SIGN_STYLE = Automatic;
				GENERATE_INFOPLIST_FILE = YES;
				IPHONEOS_DEPLOYMENT_TARGET = 16.0;
				PRODUCT_BUNDLE_IDENTIFIER = com.codybarton.graph89.uitests;
				PRODUCT_NAME = "$(TARGET_NAME)";
				SDKROOT = iphoneos;
				SWIFT_VERSION = 5.0;
				TARGETED_DEVICE_FAMILY = "1,2";
				TEST_TARGET_NAME = Graph89;
			};
			name = Release;
		};
/* End XCBuildConfiguration section */

/* Begin XCConfigurationList section */
		000000000000000000000015 /* Build configuration list for PBXNativeTarget "Graph89" */ = {
			isa = XCConfigurationList;
			buildConfigurations = (
				000000000000000000000013 /* Debug */,
				000000000000000000000014 /* Release */,
			);
			defaultConfigurationIsVisible = 0;
			defaultConfigurationName = Debug;
		};
		000000000000000000000019 /* Build configuration list for PBXProject "Graph89" */ = {
			isa = XCConfigurationList;
			buildConfigurations = (
				000000000000000000000017 /* Debug */,
				000000000000000000000018 /* Release */,
			);
			defaultConfigurationIsVisible = 0;
			defaultConfigurationName = Debug;
		};
		000000000000000000000024 /* Build configuration list for PBXNativeTarget "Graph89UITests" */ = {
			isa = XCConfigurationList;
			buildConfigurations = (
				000000000000000000000022 /* Debug */,
				000000000000000000000023 /* Release */,
			);
			defaultConfigurationIsVisible = 0;
			defaultConfigurationName = Debug;
		};
/* End XCConfigurationList section */
	};
	rootObject = 00000000000000000000001A /* Project object */;
}
